
Microsoft Visual Studio Solution File, Format Version 12.00
# Visual Studio Version 16
VisualStudioVersion = 16.0.29424.173
MinimumVisualStudioVersion = 10.0.40219.1
Project("{FAE04EC0-301F-11D3-BF4B-00C04F79EFBC}") = "Donguler", "Donguler\Donguler.csproj", "{4B4E3F74-F220-4C30-ACFB-3C59D0B42483}"
EndProject
Global
	GlobalSection(SolutionConfigurationPlatforms) = preSolution
		Debug|Any CPU = Debug|Any CPU
		Release|Any CPU = Release|Any CPU
	EndGlobalSection
	GlobalSection(ProjectConfigurationPlatforms) = postSolution
		{4B4E3F74-F220-4C30-ACFB-3C59D0B42483}.Debug|Any CPU.ActiveCfg = Debug|Any CPU
		{4B4E3F74-F220-4C30-ACFB-3C59D0B42483}.Debug|Any CPU.Build.0 = Debug|Any CPU
		{4B4E3F74-F220-4C30-ACFB-3C59D0B42483}.Release|Any CPU.ActiveCfg = Release|Any CPU
		{4B4E3F74-F220-4C30-ACFB-3C59D0B42483}.Release|Any CPU.Build.0 = Release|Any CPU
	EndGlobalSection
	GlobalSection(SolutionProperties) = preSolution
		HideSolutionNode = FALSE
	EndGlobalSection
	GlobalSection(ExtensibilityGlobals) = postSolution
		SolutionGuid = {2E8C0C16-47E4-4599-A7F7-E82EAB231EAB}
	EndGlobalSection
EndGlobal
